github.com/nsf/jsondiff v0.0.0-20190712045011-8443391ee9b6 h1:qsqscDgSJy+HqgMTR+3NwjYJBbp1+honwDsszLoS+pA=
github.com/nsf/jsondiff v0.0.0-20190712045011-8443391ee9b6/go.mod h1:uFMI8w+ref4v2r9jz+c9i1IfIttS/OkmLfrk1jne5hs=
github.com/pkg/errors v0.8.1 h1:iURUrRGxPUNPdy5/HRSm+Yj6okJ6UtLINN0Q9M4+h3I=
github.com/pkg/errors v0.8.1/go.mod h1:bwawxfHBFNV+L2hUp1rHADufV3IMtnDRdf1r5NINEl0=
github.com/podhmo/go-rfc3339 v0.1.0/go.mod h1:5PYkvjhiNW8FGe6R79OkEz+sjbGrZATFkKnlYrd37Yg=
github.com/podhmo/go-webtest v0.5.8 h1:H3TkuOlZJ8yiJT/eMXLUW3eFy6ZAbKL4vLjf0zOd9hA=
github.com/podhmo/go-webtest v0.5.8/go.mod h1:XP/63VmbA7yYERRZl1gbGOgoNJeRNtm4LZMGXpzGqCI=
github.com/podhmo/go-webtest v0.5.9 h1:lnrxvf698ifJ5EAhxpo0t+zL03NdMHOVPJbNyU5M0DE=
github.com/podhmo/go-webtest v0.5.9/go.mod h1:XP/63VmbA7yYERRZl1gbGOgoNJeRNtm4LZMGXpzGqCI=
github.com/podhmo/go-webtest v0.5.10 h1:I1l9qI23HiZlyuV5/AMmfkiFRhNV2tp64LBlXteWHqQ=
github.com/podhmo/go-webtest v0.5.10/go.mod h1:XP/63VmbA7yYERRZl1gbGOgoNJeRNtm4LZMGXpzGqCI=
github.com/podhmo/noerror v0.2.0 h1:xrfLTcQenO8JrNEdfEv2NkzRERx5mWdYmO0+GMZXCrE=
github.com/podhmo/noerror v0.2.0/go.mod h1:Cvb4ZKdIo4pLuGL8CrHihkDODevHdjnA4LdnltJtTew=
github.com/podhmo/noerror v0.3.1 h1:HvL4d/jUKiUz6MjYHTP1T9ikM/Gk1zOhv1grqjXGzZI=
github.com/podhmo/noerror v0.3.1/go.mod h1:Cvb4ZKdIo4pLuGL8CrHihkDODevHdjnA4LdnltJtTew=
github.com/xeipuuv/gojsonpointer v0.0.0-20180127040702-4e3ac2762d5f h1:J9EGpcZtP0E/raorCMxlFGSTBrsSlaDGf3jU/qvAE2c=
github.com/xeipuuv/gojsonpointer v0.0.0-20180127040702-4e3ac2762d5f/go.mod h1:N2zxlSyiKSe5eX1tZViRH5QA0qijqEDrYZiPEAiq3wU=
github.com/xeipuuv/gojsonpointer v0.0.0-20190905194746-02993c407bfb h1:zGWFAtiMcyryUHoUjUJX0/lt1H2+i2Ka2n+D3DImSNo=
github.com/xeipuuv/gojsonpointer v0.0.0-20190905194746-02993c407bfb/go.mod h1:N2zxlSyiKSe5eX1tZViRH5QA0qijqEDrYZiPEAiq3wU=
