{
  "version": "4",
  "specifiers": {
    "npm:hono@*": "4.6.6",
    "npm:hono@^4.6.6": "4.6.6"
  },
  "npm": {
    "hono@4.6.6": {
      "integrity": "sha512-euUj5qwvtkG+p38GFs0LYacwaoS2hYRAGn9ysAggiwT2QBcPnT1XYUCW3hatW4C1KzAXTYuQ08BlVDJtAGuhlg=="
    }
  },
  "workspace": {
    "dependencies": [
      "jsr:@std/assert@1",
      "npm:hono@^4.6.6"
    ]
  }
}
