github.com/Cside/jsondiff v0.0.0-20180209072652-0e50d980b458/go.mod h1:FSe4ejBYCH1Cwo9T60GhzjKATA8f/qvmfEn6N3W985s=
github.com/davecgh/go-spew v1.1.0 h1:ZDRjVQ15GmhC3fiQ8ni8+OwkZQO4DARzQgrnXU1Liz8=
github.com/davecgh/go-spew v1.1.0/go.mod h1:J7Y8YcW2NihsgmVo/mv3lAwl/skON4iLHjSsI+c5H38=
github.com/evanphx/json-patch v4.5.0+incompatible/go.mod h1:50XU6AFN0ol/bzJsmQLiYLvXMP4fmwYFNcr97nuDLSk=
github.com/k0kubun/colorstring v0.0.0-20150214042306-9440f1994b88 h1:uC1QfSlInpQF+M0ao65imhwqKnz3Q2z/d8PWZRMQvDM=
github.com/k0kubun/colorstring v0.0.0-20150214042306-9440f1994b88/go.mod h1:3w7q1U84EfirKl04SVQ/s7nPm1ZPhiXd34z40TNz36k=
github.com/k0kubun/pp v3.0.1+incompatible h1:3tqvf7QgUnZ5tXO6pNAZlrvHgl6DvifjDrd9g2S9Z40=
github.com/k0kubun/pp v3.0.1+incompatible/go.mod h1:GWse8YhT0p8pT4ir3ZgBbfZild3tgzSScAn6HmfYukg=
github.com/mattn/go-colorable v0.1.2 h1:/bC9yWikZXAL9uJdulbSfyVNIR3n3trXl+v8+1sx8mU=
github.com/mattn/go-colorable v0.1.2/go.mod h1:U0ppj6V5qS13XJ6of8GYAs25YV2eR4EVcfRqFIhoBtE=
github.com/mattn/go-isatty v0.0.8 h1:HLtExJ+uU2HOZ+wI0Tt5DtUDrx8yhUqDcp7fYERX4CE=
github.com/mattn/go-isatty v0.0.8/go.mod h1:Iq45c/XA43vh69/j3iqttzPXn0bhXyGjM0Hdxcsrc5s=
github.com/pkg/errors v0.8.1 h1:iURUrRGxPUNPdy5/HRSm+Yj6okJ6UtLINN0Q9M4+h3I=
github.com/pkg/errors v0.8.1/go.mod h1:bwawxfHBFNV+L2hUp1rHADufV3IMtnDRdf1r5NINEl0=
github.com/pmezard/go-difflib v1.0.0 h1:4DBwDE0NGyQoBHbLQYPwSUPoCMWR5BEzIk/f1lZbAQM=
github.com/pmezard/go-difflib v1.0.0/go.mod h1:iKH77koFhYxTK1pcRnkKkqfTogsbg7gZNVY4sRDYZ/4=
github.com/podhmo/go-rfc3339 v0.0.0-20190727145742-e821cd8c86bb h1:+dOix2jpUs8eaQII8nWGFVjot7PUZxKez7PPOiluPDU=
github.com/podhmo/go-rfc3339 v0.0.0-20190727145742-e821cd8c86bb/go.mod h1:5PYkvjhiNW8FGe6R79OkEz+sjbGrZATFkKnlYrd37Yg=
github.com/podhmo/go-webtest v0.0.0-20190727144736-d5e48f013fba h1:Y6fS3HENGNv8uV9YwhJVKt17llDVP8HlPXQl3D7LZUk=
github.com/podhmo/go-webtest v0.0.0-20190727144736-d5e48f013fba/go.mod h1:DLtXFzNXMunU4fNhZqWzQ6zp4Ab+pYSHNNYxA/eTDDo=
github.com/podhmo/handy v0.0.0-20190801205909-57c4f6359312 h1:g8TXhWVoACeihyWPk16mK2M9j4wJT8+zcX9nNGhlFzg=
github.com/podhmo/handy v0.0.0-20190801205909-57c4f6359312/go.mod h1:TJZpCkmP7Ofz5fO43pjTYVsoeVaGD0hZ9nPM1sW1k0Y=
github.com/podhmo/handy v0.0.0-20190802173415-ab7573214f6d h1:OGKcxcMyRI2RE2r2wHVM0Y76Jh9GLaYmj86xHDJXViU=
github.com/podhmo/handy v0.0.0-20190802173415-ab7573214f6d/go.mod h1:TJZpCkmP7Ofz5fO43pjTYVsoeVaGD0hZ9nPM1sW1k0Y=
github.com/podhmo/noerror v0.0.0-20190802222420-29b2190da710 h1:U1XJL0BTcknZ6zufk/75jOHhJ1ifTe8QAa9rtsCR9oo=
github.com/podhmo/noerror v0.0.0-20190802222420-29b2190da710/go.mod h1:Cvb4ZKdIo4pLuGL8CrHihkDODevHdjnA4LdnltJtTew=
github.com/sergi/go-diff v1.0.0/go.mod h1:0CfEIISq7TuYL3j771MWULgwwjU+GofnZX9QAmXWZgo=
github.com/stretchr/objx v0.1.0/go.mod h1:HFkY916IF+rwdDfMAkV7OtwuqBVzrE8GR6GFx+wExME=
github.com/stretchr/testify v1.3.0 h1:TivCn/peBQ7UY8ooIcPgZFpTNSz0Q2U6UrFlUfqbe0Q=
github.com/stretchr/testify v1.3.0/go.mod h1:M5WIy9Dh21IEIfnGCwXGc5bZfKNJtfHm1UVUgZn+9EI=
github.com/xeipuuv/gojsonpointer v0.0.0-20180127040702-4e3ac2762d5f h1:J9EGpcZtP0E/raorCMxlFGSTBrsSlaDGf3jU/qvAE2c=
github.com/xeipuuv/gojsonpointer v0.0.0-20180127040702-4e3ac2762d5f/go.mod h1:N2zxlSyiKSe5eX1tZViRH5QA0qijqEDrYZiPEAiq3wU=
golang.org/x/sys v0.0.0-20190222072716-a9d3bda3a223 h1:DH4skfRX4EBpamg7iV4ZlCpblAHI6s6TDM39bFZumv8=
golang.org/x/sys v0.0.0-20190222072716-a9d3bda3a223/go.mod h1:STP8DvDyc/dI5b8T5hshtkjS+E42TnysNCUPdjciGhY=
gopkg.in/mgo.v2 v2.0.0-20180705113604-9856a29383ce h1:xcEWjVhvbDy+nHP67nPDDpbYrY+ILlfndk4bRioVHaU=
gopkg.in/mgo.v2 v2.0.0-20180705113604-9856a29383ce/go.mod h1:yeKp02qBN3iKW1OzL3MGk2IdtZzaj7SFntXj72NppTA=
