{
  "version": "5",
  "specifiers": {
    "npm:htm@3.1.1": "3.1.1",
    "npm:preact@10.22.1": "10.22.1"
  },
  "npm": {
    "htm@3.1.1": {
      "integrity": "sha512-983Vyg8NwUE7JkZ6NmOqpCZ+sh1bKv2iYTlUkzlWmA5JD2acKoxd4KVxbMmxX/85mtfdnDmTFoNKcg5DGAvxNQ=="
    },
    "preact@10.22.1": {
      "integrity": "sha512-jRYbDDgMpIb5LHq3hkI0bbl+l/TQ9UnkdQ0ww+lp+4MMOdqaUYdFc5qeyP+IV8FAd/2Em7drVPeKdQxsiWCf/A=="
    }
  },
  "workspace": {
    "dependencies": [
      "npm:htm@3.1.1",
      "npm:preact@10.22.1"
    ]
  }
}
