{
  "version": "4",
  "specifiers": {
    "jsr:@david/code-block-writer@13": "13.0.3",
    "jsr:@podhmo/with-help@0.4.0": "0.4.0",
    "jsr:@std/cli@1": "1.0.6",
    "jsr:@std/collections@*": "1.0.9",
    "jsr:@std/fs@1": "1.0.5",
    "jsr:@std/path@1": "1.0.8",
    "jsr:@std/path@1.0.8": "1.0.8",
    "jsr:@std/path@^1.0.7": "1.0.8",
    "jsr:@ts-morph/common@0.25": "0.25.0",
    "jsr:@ts-morph/ts-morph@24.0.0": "24.0.0"
  },
  "jsr": {
    "@david/code-block-writer@13.0.3": {
      "integrity": "f98c77d320f5957899a61bfb7a9bead7c6d83ad1515daee92dbacc861e13bb7f"
    },
    "@podhmo/with-help@0.4.0": {
      "integrity": "65bc104ccca73ecc778e4a7bc83beae67023cab643d63b6542f2405b9a39dfd2",
      "dependencies": [
        "jsr:@std/cli"
      ]
    },
    "@std/cli@1.0.6": {
      "integrity": "d22d8b38c66c666d7ad1f2a66c5b122da1704f985d3c47f01129f05abb6c5d3d"
    },
    "@std/collections@1.0.9": {
      "integrity": "4f58104ead08a04a2199374247f07befe50ba01d9cca8cbb23ab9a0419921e71"
    },
    "@std/fs@1.0.5": {
      "integrity": "41806ad6823d0b5f275f9849a2640d87e4ef67c51ee1b8fb02426f55e02fd44e",
      "dependencies": [
        "jsr:@std/path@^1.0.7"
      ]
    },
    "@std/path@1.0.8": {
      "integrity": "548fa456bb6a04d3c1a1e7477986b6cffbce95102d0bb447c67c4ee70e0364be"
    },
    "@ts-morph/common@0.25.0": {
      "integrity": "e3ed1771e2fb61fbc3d2cb39ebbc4f89cd686d6d9bc6d91a71372be055ac1967",
      "dependencies": [
        "jsr:@std/fs",
        "jsr:@std/path@1"
      ]
    },
    "@ts-morph/ts-morph@24.0.0": {
      "integrity": "d72074cb953e45f53ec85181dffaf32b68a722188a145e3008410fd2782690ec",
      "dependencies": [
        "jsr:@david/code-block-writer",
        "jsr:@ts-morph/common"
      ]
    }
  },
  "remote": {
    "https://esm.sh/jsr/@std/collections@1.0.0/chunk": "9133395c63a5ac78c9ef5e7ee3799f458a6a62f861be7a345a27c3adbc7882e2",
    "https://esm.sh/v135/@jsr/std__collections@1.0.0/denonext/chunk.js": "1356b010e02d81f8b463ef82aa2afec33a4cc7b19b188a434457ef94642ffbb2"
  }
}
