github.com/davecgh/go-spew v1.1.0 h1:ZDRjVQ15GmhC3fiQ8ni8+OwkZQO4DARzQgrnXU1Liz8=
github.com/davecgh/go-spew v1.1.0/go.mod h1:J7Y8YcW2NihsgmVo/mv3lAwl/skON4iLHjSsI+c5H38=
github.com/davecgh/go-spew v1.1.1 h1:vj9j/u1bqnvCEfJOwUhtlOARqs3+rkHYY13jYWTU97c=
github.com/davecgh/go-spew v1.1.1/go.mod h1:J7Y8YcW2NihsgmVo/mv3lAwl/skON4iLHjSsI+c5H38=
github.com/pmezard/go-difflib v1.0.0 h1:4DBwDE0NGyQoBHbLQYPwSUPoCMWR5BEzIk/f1lZbAQM=
github.com/pmezard/go-difflib v1.0.0/go.mod h1:iKH77koFhYxTK1pcRnkKkqfTogsbg7gZNVY4sRDYZ/4=
github.com/podhmo/handy v0.0.0-20190801122252-3635496a52cf h1:nAKBQA4YEghTYRrjkgcEdM+yI9kHzmH90jrfcAgTeMM=
github.com/podhmo/handy v0.0.0-20190801122252-3635496a52cf/go.mod h1:TJZpCkmP7Ofz5fO43pjTYVsoeVaGD0hZ9nPM1sW1k0Y=
github.com/podhmo/handy v0.0.0-20190801123306-2c30e4bf2da2 h1:2izhcnShffyvugopa4P/NrfvTSFBCUuSKfPaOjQ66Cc=
github.com/podhmo/handy v0.0.0-20190801123306-2c30e4bf2da2/go.mod h1:TJZpCkmP7Ofz5fO43pjTYVsoeVaGD0hZ9nPM1sW1k0Y=
github.com/podhmo/handy v0.0.0-20190801123501-8708155f30d0 h1:G9KZSQh4G/w0A80U0WI2esmyacEhIwgKA7xj6njm9go=
github.com/podhmo/handy v0.0.0-20190801123501-8708155f30d0/go.mod h1:TJZpCkmP7Ofz5fO43pjTYVsoeVaGD0hZ9nPM1sW1k0Y=
github.com/podhmo/handy v0.0.0-20190801165705-1acd4c6bc5de h1:TbU3OGQVT5sOmqnokzV1VvvWLh7S32CFolf64Wn+Zko=
github.com/podhmo/handy v0.0.0-20190801165705-1acd4c6bc5de/go.mod h1:TJZpCkmP7Ofz5fO43pjTYVsoeVaGD0hZ9nPM1sW1k0Y=
github.com/podhmo/handy v0.0.0-20190801171728-1392dd712b2a h1:boicWl3acqdRI3h7A+5s6UVrjftkF9nL8mtH5/u2DfM=
github.com/podhmo/handy v0.0.0-20190801171728-1392dd712b2a/go.mod h1:TJZpCkmP7Ofz5fO43pjTYVsoeVaGD0hZ9nPM1sW1k0Y=
github.com/podhmo/handy v0.0.0-20190801174304-a0e3112656c1 h1:3wrsPLadyBssDR8Uzbg5xbbftMjHcEk8Sew1s6vHOeU=
github.com/podhmo/handy v0.0.0-20190801174304-a0e3112656c1/go.mod h1:TJZpCkmP7Ofz5fO43pjTYVsoeVaGD0hZ9nPM1sW1k0Y=
github.com/podhmo/handy v0.0.0-20190801205909-57c4f6359312 h1:g8TXhWVoACeihyWPk16mK2M9j4wJT8+zcX9nNGhlFzg=
github.com/podhmo/handy v0.0.0-20190801205909-57c4f6359312/go.mod h1:TJZpCkmP7Ofz5fO43pjTYVsoeVaGD0hZ9nPM1sW1k0Y=
github.com/stretchr/objx v0.1.0/go.mod h1:HFkY916IF+rwdDfMAkV7OtwuqBVzrE8GR6GFx+wExME=
github.com/stretchr/objx v0.2.0/go.mod h1:qt09Ya8vawLte6SNmTgCsAVtYtaKzEcn8ATUoHMkEqE=
github.com/stretchr/testify v1.3.0 h1:TivCn/peBQ7UY8ooIcPgZFpTNSz0Q2U6UrFlUfqbe0Q=
github.com/stretchr/testify v1.3.0/go.mod h1:M5WIy9Dh21IEIfnGCwXGc5bZfKNJtfHm1UVUgZn+9EI=
