{
  "version": "4",
  "specifiers": {
    "npm:preact-render-to-string@*": "6.5.11_preact@10.24.3",
    "npm:preact-render-to-string@^6.5.11": "6.5.11_preact@10.24.3",
    "npm:preact@*": "10.24.3",
    "npm:preact@^10.24.3": "10.24.3"
  },
  "npm": {
    "preact-render-to-string@6.5.11_preact@10.24.3": {
      "integrity": "sha512-ubnauqoGczeGISiOh6RjX0/cdaF8v/oDXIjO85XALCQjwQP+SB4RDXXtvZ6yTYSjG+PC1QRP2AhPgCEsM2EvUw==",
      "dependencies": [
        "preact"
      ]
    },
    "preact@10.24.3": {
      "integrity": "sha512-Z2dPnBnMUfyQfSQ+GBdsGa16hz35YmLmtTLhM169uW944hYL6xzTYkJjC07j+Wosz733pMWx0fgON3JNw1jJQA=="
    }
  },
  "workspace": {
    "dependencies": [
      "npm:preact-render-to-string@^6.5.11",
      "npm:preact@^10.24.3"
    ]
  }
}
