github.com/go-chi/chi v4.0.2+incompatible h1:maB6vn6FqCxrpz4FqWdh4+lwpyZIQS7YEAUcHlgXVRs=
github.com/go-chi/chi v4.0.2+incompatible/go.mod h1:eB3wogJHnLi3x/kFX2A+IbTBlXxmMeXJVKy9tTv1XzQ=
github.com/pkg/errors v0.8.1 h1:iURUrRGxPUNPdy5/HRSm+Yj6okJ6UtLINN0Q9M4+h3I=
github.com/pkg/errors v0.8.1/go.mod h1:bwawxfHBFNV+L2hUp1rHADufV3IMtnDRdf1r5NINEl0=
github.com/podhmo/go-rfc3339 v0.1.0/go.mod h1:5PYkvjhiNW8FGe6R79OkEz+sjbGrZATFkKnlYrd37Yg=
github.com/podhmo/go-webtest v0.3.0 h1:HTsqA2ng9FSjMbjueiIZpIR5sG2Jov6BrEeWQDMnNDA=
github.com/podhmo/go-webtest v0.3.0/go.mod h1:m8nh3973ZwS57A2/kCqoRGTYfeDMQWIYhS8sXlJxsyQ=
github.com/podhmo/noerror v0.2.0/go.mod h1:Cvb4ZKdIo4pLuGL8CrHihkDODevHdjnA4LdnltJtTew=
github.com/podhmo/noerror v0.3.1 h1:HvL4d/jUKiUz6MjYHTP1T9ikM/Gk1zOhv1grqjXGzZI=
github.com/podhmo/noerror v0.3.1/go.mod h1:Cvb4ZKdIo4pLuGL8CrHihkDODevHdjnA4LdnltJtTew=
github.com/xeipuuv/gojsonpointer v0.0.0-20180127040702-4e3ac2762d5f h1:J9EGpcZtP0E/raorCMxlFGSTBrsSlaDGf3jU/qvAE2c=
github.com/xeipuuv/gojsonpointer v0.0.0-20180127040702-4e3ac2762d5f/go.mod h1:N2zxlSyiKSe5eX1tZViRH5QA0qijqEDrYZiPEAiq3wU=
golang.org/x/crypto v0.0.0-20190308221718-c2843e01d9a2/go.mod h1:djNgcEr1/C05ACkg1iLfiJU5Ep61QUkGW8qpdssI0+w=
golang.org/x/net v0.0.0-20190827160401-ba9fcec4b297 h1:k7pJ2yAPLPgbskkFdhRCsA77k2fySZ1zf2zCjvQCiIM=
golang.org/x/net v0.0.0-20190827160401-ba9fcec4b297/go.mod h1:z5CRVTTTmAJ677TzLLGU+0bjPO0LkuOLi4/5GtJWs/s=
golang.org/x/sys v0.0.0-20190215142949-d0b11bdaac8a/go.mod h1:STP8DvDyc/dI5b8T5hshtkjS+E42TnysNCUPdjciGhY=
golang.org/x/text v0.3.0 h1:g61tztE5qeGQ89tm6NTjjM9VPIm088od1l6aSorWRWg=
golang.org/x/text v0.3.0/go.mod h1:NqM8EUOU14njkJ3fqMW+pc6Ldnwhi/IjpwHt7yyuwOQ=
