github.com/davecgh/go-spew v1.1.0/go.mod h1:J7Y8YcW2NihsgmVo/mv3lAwl/skON4iLHjSsI+c5H38=
github.com/getkin/kin-openapi v0.22.1/go.mod h1:WGRs2ZMM1Q8LR1QBEwUxC6RJEfaBcD0s+pcEVXFuAjw=
github.com/ghodss/yaml v1.0.0/go.mod h1:4dBDuWmgqj2HViK6kFavaiC9ZROes6MMH2rRYeMEF04=
github.com/nsf/jsondiff v0.0.0-20200515183724-f29ed568f4ce/go.mod h1:uFMI8w+ref4v2r9jz+c9i1IfIttS/OkmLfrk1jne5hs=
github.com/pmezard/go-difflib v1.0.0/go.mod h1:iKH77koFhYxTK1pcRnkKkqfTogsbg7gZNVY4sRDYZ/4=
github.com/podhmo/reflect-openapi v0.0.7 h1:FH2jOZjEijUgaMXfLKsm8hBZPZRWuMR2VwSCeHbC36g=
github.com/podhmo/reflect-openapi v0.0.7/go.mod h1:lKc4iecPvrRsaJ9FZscnDuZYmONMVAibGkpnL14Rh5I=
github.com/podhmo/tenuki v0.0.3/go.mod h1:gnvC6oMXHaf8sZO/nE6Eqa9sdNtHKTLu7UL6hDHD7WQ=
github.com/stretchr/objx v0.1.0/go.mod h1:HFkY916IF+rwdDfMAkV7OtwuqBVzrE8GR6GFx+wExME=
github.com/stretchr/testify v1.5.1/go.mod h1:5W2xD1RspED5o8YsWQXVCued0rvSQ+mT+I5cxcmMvtA=
gopkg.in/check.v1 v0.0.0-20161208181325-20d25e280405/go.mod h1:Co6ibVJAznAaIkqp8huTwlJQCZ016jof/cbN4VW5Yz0=
gopkg.in/yaml.v2 v2.2.2/go.mod h1:hI93XBmqTisBFMUTm0b8Fm+jr3Dg1NNxqwp+5A1VGuI=
gopkg.in/yaml.v2 v2.3.0/go.mod h1:hI93XBmqTisBFMUTm0b8Fm+jr3Dg1NNxqwp+5A1VGuI=
