aiofiles==0.4.0
aniso8601==7.0.0
apispec==3.1.0
apistar==0.7.2
certifi==2019.11.28
chardet==3.0.4
Click==7.0
docopt==0.6.2
graphene==2.1.8
graphql-core==2.2.1
graphql-relay==2.0.0
graphql-server-core==1.1.1
h11==0.8.1
httptools==0.0.13
idna==2.8
itsdangerous==1.1.0
Jinja2==2.10.3
MarkupSafe==1.1.1
marshmallow==3.2.2
promise==2.2.1
python-multipart==0.0.5
PyYAML==5.1.2
requests==2.22.0
requests-toolbelt==0.9.1
responder==2.0.4
rfc3986==1.3.2
Rx==1.6.1
six==1.13.0
starlette==0.12.13
typesystem==0.2.4
urllib3==1.25.7
uvicorn==0.8.6
uvloop==0.14.0
websockets==7.0
whitenoise==4.1.4
