github.com/Cside/jsondiff v0.0.0-20180209072652-0e50d980b458/go.mod h1:FSe4ejBYCH1Cwo9T60GhzjKATA8f/qvmfEn6N3W985s=
github.com/davecgh/go-spew v1.1.0/go.mod h1:J7Y8YcW2NihsgmVo/mv3lAwl/skON4iLHjSsI+c5H38=
github.com/davecgh/go-spew v1.1.1/go.mod h1:J7Y8YcW2NihsgmVo/mv3lAwl/skON4iLHjSsI+c5H38=
github.com/evanphx/json-patch v4.5.0+incompatible/go.mod h1:50XU6AFN0ol/bzJsmQLiYLvXMP4fmwYFNcr97nuDLSk=
github.com/pkg/errors v0.8.1 h1:iURUrRGxPUNPdy5/HRSm+Yj6okJ6UtLINN0Q9M4+h3I=
github.com/pkg/errors v0.8.1/go.mod h1:bwawxfHBFNV+L2hUp1rHADufV3IMtnDRdf1r5NINEl0=
github.com/pmezard/go-difflib v1.0.0/go.mod h1:iKH77koFhYxTK1pcRnkKkqfTogsbg7gZNVY4sRDYZ/4=
github.com/podhmo/go-rfc3339 v0.0.0-20190727145742-e821cd8c86bb/go.mod h1:5PYkvjhiNW8FGe6R79OkEz+sjbGrZATFkKnlYrd37Yg=
github.com/podhmo/go-rfc3339 v0.1.0 h1:WzY1Kk+j9LSKKxvoZBm/FHx+DVrNqNZx2rPflpZzomw=
github.com/podhmo/go-rfc3339 v0.1.0/go.mod h1:5PYkvjhiNW8FGe6R79OkEz+sjbGrZATFkKnlYrd37Yg=
github.com/podhmo/go-webtest v0.0.0-20190804120102-e25117dce95b h1:hzTlRcGu2pDpePRlqlLa4J1+L/ec+XXyU9i1nr6z6CE=
github.com/podhmo/go-webtest v0.0.0-20190804120102-e25117dce95b/go.mod h1:X3lq5l8LlenWPi54U8fu/vx1gFwPgF3+3fAI0SexSgE=
github.com/podhmo/go-webtest v0.0.0-20190804122144-7ec0f4acea9f h1:ExCSWOTbtbczdNSWCGNQj0JCSC9ZnAzyQhDfllnhxBE=
github.com/podhmo/go-webtest v0.0.0-20190804122144-7ec0f4acea9f/go.mod h1:X3lq5l8LlenWPi54U8fu/vx1gFwPgF3+3fAI0SexSgE=
github.com/podhmo/noerror v0.2.0 h1:xrfLTcQenO8JrNEdfEv2NkzRERx5mWdYmO0+GMZXCrE=
github.com/podhmo/noerror v0.2.0/go.mod h1:Cvb4ZKdIo4pLuGL8CrHihkDODevHdjnA4LdnltJtTew=
github.com/sergi/go-diff v1.0.0/go.mod h1:0CfEIISq7TuYL3j771MWULgwwjU+GofnZX9QAmXWZgo=
github.com/stretchr/objx v0.1.0/go.mod h1:HFkY916IF+rwdDfMAkV7OtwuqBVzrE8GR6GFx+wExME=
github.com/stretchr/objx v0.2.0/go.mod h1:qt09Ya8vawLte6SNmTgCsAVtYtaKzEcn8ATUoHMkEqE=
github.com/stretchr/testify v1.3.0/go.mod h1:M5WIy9Dh21IEIfnGCwXGc5bZfKNJtfHm1UVUgZn+9EI=
github.com/xeipuuv/gojsonpointer v0.0.0-20180127040702-4e3ac2762d5f h1:J9EGpcZtP0E/raorCMxlFGSTBrsSlaDGf3jU/qvAE2c=
github.com/xeipuuv/gojsonpointer v0.0.0-20180127040702-4e3ac2762d5f/go.mod h1:N2zxlSyiKSe5eX1tZViRH5QA0qijqEDrYZiPEAiq3wU=
