github.com/pkg/errors v0.8.1 h1:iURUrRGxPUNPdy5/HRSm+Yj6okJ6UtLINN0Q9M4+h3I=
github.com/pkg/errors v0.8.1/go.mod h1:bwawxfHBFNV+L2hUp1rHADufV3IMtnDRdf1r5NINEl0=
github.com/podhmo/go-rfc3339 v0.1.0 h1:WzY1Kk+j9LSKKxvoZBm/FHx+DVrNqNZx2rPflpZzomw=
github.com/podhmo/go-rfc3339 v0.1.0/go.mod h1:5PYkvjhiNW8FGe6R79OkEz+sjbGrZATFkKnlYrd37Yg=
github.com/podhmo/go-webtest v0.0.0-20190804130933-fea0cd7c4b66 h1:V8318xr9lIymeqXEymJCf6wGYtPzXTSqmUsPtjduf8w=
github.com/podhmo/go-webtest v0.0.0-20190804130933-fea0cd7c4b66/go.mod h1:m8nh3973ZwS57A2/kCqoRGTYfeDMQWIYhS8sXlJxsyQ=
github.com/podhmo/noerror v0.2.0 h1:xrfLTcQenO8JrNEdfEv2NkzRERx5mWdYmO0+GMZXCrE=
github.com/podhmo/noerror v0.2.0/go.mod h1:Cvb4ZKdIo4pLuGL8CrHihkDODevHdjnA4LdnltJtTew=
github.com/xeipuuv/gojsonpointer v0.0.0-20180127040702-4e3ac2762d5f h1:J9EGpcZtP0E/raorCMxlFGSTBrsSlaDGf3jU/qvAE2c=
github.com/xeipuuv/gojsonpointer v0.0.0-20180127040702-4e3ac2762d5f/go.mod h1:N2zxlSyiKSe5eX1tZViRH5QA0qijqEDrYZiPEAiq3wU=
